{
	"name": "api-sync",
	"version": "0.1.0",
	"lockfileVersion": 3,
	"requires": true,
	"packages": {
		"": {
			"name": "api-sync",
			"version": "0.1.0",
			"license": "MIT",
			"dependencies": {
				"nanoid": "^5.0.7",
				"ws": "^8.18.0"
			},
			"devDependencies": {
				"@robojs/server": "latest",
				"@swc/core": "latest",
				"@types/node": "latest",
				"@types/react": "^18.3.11",
				"@types/ws": "^8.5.12",
				"discord.js": "latest",
				"prettier": "latest",
				"typescript": "latest"
			},
			"peerDependencies": {
				"react": "^18.0.0",
				"robo.js": "^0.10.21"
			},
			"peerDependenciesMeta": {
				"react": {
					"optional": true
				},
				"robo.js": {
					"optional": false
				}
			}
		},
		"node_modules/@discordjs/builders": {
			"version": "1.9.0",
			"resolved": "https://registry.npmjs.org/@discordjs/builders/-/builders-1.9.0.tgz",
			"integrity": "sha512-0zx8DePNVvQibh5ly5kCEei5wtPBIUbSoE9n+91Rlladz4tgtFbJ36PZMxxZrTEOQ7AHMZ/b0crT/0fCy6FTKg==",
			"license": "Apache-2.0",
			"dependencies": {
				"@discordjs/formatters": "^0.5.0",
				"@discordjs/util": "^1.1.1",
				"@sapphire/shapeshift": "^4.0.0",
				"discord-api-types": "0.37.97",
				"fast-deep-equal": "^3.1.3",
				"ts-mixer": "^6.0.4",
				"tslib": "^2.6.3"
			},
			"engines": {
				"node": ">=18"
			},
			"funding": {
				"url": "https://github.com/discordjs/discord.js?sponsor"
			}
		},
		"node_modules/@discordjs/builders/node_modules/discord-api-types": {
			"version": "0.37.97",
			"resolved": "https://registry.npmjs.org/discord-api-types/-/discord-api-types-0.37.97.tgz",
			"integrity": "sha512-No1BXPcVkyVD4ZVmbNgDKaBoqgeQ+FJpzZ8wqHkfmBnTZig1FcH3iPPersiK1TUIAzgClh2IvOuVUYfcWLQAOA==",
			"license": "MIT"
		},
		"node_modules/@discordjs/collection": {
			"version": "1.5.3",
			"resolved": "https://registry.npmjs.org/@discordjs/collection/-/collection-1.5.3.tgz",
			"integrity": "sha512-SVb428OMd3WO1paV3rm6tSjM4wC+Kecaa1EUGX7vc6/fddvw/6lg90z4QtCqm21zvVe92vMMDt9+DkIvjXImQQ==",
			"license": "Apache-2.0",
			"engines": {
				"node": ">=16.11.0"
			}
		},
		"node_modules/@discordjs/formatters": {
			"version": "0.5.0",
			"resolved": "https://registry.npmjs.org/@discordjs/formatters/-/formatters-0.5.0.tgz",
			"integrity": "sha512-98b3i+Y19RFq1Xke4NkVY46x8KjJQjldHUuEbCqMvp1F5Iq9HgnGpu91jOi/Ufazhty32eRsKnnzS8n4c+L93g==",
			"license": "Apache-2.0",
			"dependencies": {
				"discord-api-types": "0.37.97"
			},
			"engines": {
				"node": ">=18"
			},
			"funding": {
				"url": "https://github.com/discordjs/discord.js?sponsor"
			}
		},
		"node_modules/@discordjs/formatters/node_modules/discord-api-types": {
			"version": "0.37.97",
			"resolved": "https://registry.npmjs.org/discord-api-types/-/discord-api-types-0.37.97.tgz",
			"integrity": "sha512-No1BXPcVkyVD4ZVmbNgDKaBoqgeQ+FJpzZ8wqHkfmBnTZig1FcH3iPPersiK1TUIAzgClh2IvOuVUYfcWLQAOA==",
			"license": "MIT"
		},
		"node_modules/@discordjs/rest": {
			"version": "2.4.0",
			"resolved": "https://registry.npmjs.org/@discordjs/rest/-/rest-2.4.0.tgz",
			"integrity": "sha512-Xb2irDqNcq+O8F0/k/NaDp7+t091p+acb51iA4bCKfIn+WFWd6HrNvcsSbMMxIR9NjcMZS6NReTKygqiQN+ntw==",
			"license": "Apache-2.0",
			"dependencies": {
				"@discordjs/collection": "^2.1.1",
				"@discordjs/util": "^1.1.1",
				"@sapphire/async-queue": "^1.5.3",
				"@sapphire/snowflake": "^3.5.3",
				"@vladfrangu/async_event_emitter": "^2.4.6",
				"discord-api-types": "0.37.97",
				"magic-bytes.js": "^1.10.0",
				"tslib": "^2.6.3",
				"undici": "6.19.8"
			},
			"engines": {
				"node": ">=18"
			},
			"funding": {
				"url": "https://github.com/discordjs/discord.js?sponsor"
			}
		},
		"node_modules/@discordjs/rest/node_modules/@discordjs/collection": {
			"version": "2.1.1",
			"resolved": "https://registry.npmjs.org/@discordjs/collection/-/collection-2.1.1.tgz",
			"integrity": "sha512-LiSusze9Tc7qF03sLCujF5iZp7K+vRNEDBZ86FT9aQAv3vxMLihUvKvpsCWiQ2DJq1tVckopKm1rxomgNUc9hg==",
			"license": "Apache-2.0",
			"engines": {
				"node": ">=18"
			},
			"funding": {
				"url": "https://github.com/discordjs/discord.js?sponsor"
			}
		},
		"node_modules/@discordjs/rest/node_modules/discord-api-types": {
			"version": "0.37.97",
			"resolved": "https://registry.npmjs.org/discord-api-types/-/discord-api-types-0.37.97.tgz",
			"integrity": "sha512-No1BXPcVkyVD4ZVmbNgDKaBoqgeQ+FJpzZ8wqHkfmBnTZig1FcH3iPPersiK1TUIAzgClh2IvOuVUYfcWLQAOA==",
			"license": "MIT"
		},
		"node_modules/@discordjs/util": {
			"version": "1.1.1",
			"resolved": "https://registry.npmjs.org/@discordjs/util/-/util-1.1.1.tgz",
			"integrity": "sha512-eddz6UnOBEB1oITPinyrB2Pttej49M9FZQY8NxgEvc3tq6ZICZ19m70RsmzRdDHk80O9NoYN/25AqJl8vPVf/g==",
			"license": "Apache-2.0",
			"engines": {
				"node": ">=18"
			},
			"funding": {
				"url": "https://github.com/discordjs/discord.js?sponsor"
			}
		},
		"node_modules/@discordjs/ws": {
			"version": "1.1.1",
			"resolved": "https://registry.npmjs.org/@discordjs/ws/-/ws-1.1.1.tgz",
			"integrity": "sha512-PZ+vLpxGCRtmr2RMkqh8Zp+BenUaJqlS6xhgWKEZcgC/vfHLEzpHtKkB0sl3nZWpwtcKk6YWy+pU3okL2I97FA==",
			"license": "Apache-2.0",
			"dependencies": {
				"@discordjs/collection": "^2.1.0",
				"@discordjs/rest": "^2.3.0",
				"@discordjs/util": "^1.1.0",
				"@sapphire/async-queue": "^1.5.2",
				"@types/ws": "^8.5.10",
				"@vladfrangu/async_event_emitter": "^2.2.4",
				"discord-api-types": "0.37.83",
				"tslib": "^2.6.2",
				"ws": "^8.16.0"
			},
			"engines": {
				"node": ">=16.11.0"
			},
			"funding": {
				"url": "https://github.com/discordjs/discord.js?sponsor"
			}
		},
		"node_modules/@discordjs/ws/node_modules/@discordjs/collection": {
			"version": "2.1.1",
			"resolved": "https://registry.npmjs.org/@discordjs/collection/-/collection-2.1.1.tgz",
			"integrity": "sha512-LiSusze9Tc7qF03sLCujF5iZp7K+vRNEDBZ86FT9aQAv3vxMLihUvKvpsCWiQ2DJq1tVckopKm1rxomgNUc9hg==",
			"license": "Apache-2.0",
			"engines": {
				"node": ">=18"
			},
			"funding": {
				"url": "https://github.com/discordjs/discord.js?sponsor"
			}
		},
		"node_modules/@discordjs/ws/node_modules/discord-api-types": {
			"version": "0.37.83",
			"resolved": "https://registry.npmjs.org/discord-api-types/-/discord-api-types-0.37.83.tgz",
			"integrity": "sha512-urGGYeWtWNYMKnYlZnOnDHm8fVRffQs3U0SpE8RHeiuLKb/u92APS8HoQnPTFbnXmY1vVnXjXO4dOxcAn3J+DA==",
			"license": "MIT"
		},
		"node_modules/@robojs/server": {
			"version": "0.5.7",
			"resolved": "https://registry.npmjs.org/@robojs/server/-/server-0.5.7.tgz",
			"integrity": "sha512-zDTWVeKydtgaQzgoQ+kVGz7Fy5N0f8t+xDkl1/F0WFwiX7GPdFNyu0odcyUdivyjtuWxxpr7qWTjusKJW8g1gw==",
			"dev": true,
			"license": "MIT",
			"peerDependencies": {
				"fastify": "^4.15.0",
				"vite": "^5.2.0"
			},
			"peerDependenciesMeta": {
				"fastify": {
					"optional": true
				},
				"vite": {
					"optional": true
				}
			}
		},
		"node_modules/@sapphire/async-queue": {
			"version": "1.5.3",
			"resolved": "https://registry.npmjs.org/@sapphire/async-queue/-/async-queue-1.5.3.tgz",
			"integrity": "sha512-x7zadcfJGxFka1Q3f8gCts1F0xMwCKbZweM85xECGI0hBTeIZJGGCrHgLggihBoprlQ/hBmDR5LKfIPqnmHM3w==",
			"license": "MIT",
			"engines": {
				"node": ">=v14.0.0",
				"npm": ">=7.0.0"
			}
		},
		"node_modules/@sapphire/shapeshift": {
			"version": "4.0.0",
			"resolved": "https://registry.npmjs.org/@sapphire/shapeshift/-/shapeshift-4.0.0.tgz",
			"integrity": "sha512-d9dUmWVA7MMiKobL3VpLF8P2aeanRTu6ypG2OIaEv/ZHH/SUQ2iHOVyi5wAPjQ+HmnMuL0whK9ez8I/raWbtIg==",
			"license": "MIT",
			"dependencies": {
				"fast-deep-equal": "^3.1.3",
				"lodash": "^4.17.21"
			},
			"engines": {
				"node": ">=v16"
			}
		},
		"node_modules/@sapphire/snowflake": {
			"version": "3.5.3",
			"resolved": "https://registry.npmjs.org/@sapphire/snowflake/-/snowflake-3.5.3.tgz",
			"integrity": "sha512-jjmJywLAFoWeBi1W7994zZyiNWPIiqRRNAmSERxyg93xRGzNYvGjlZ0gR6x0F4gPRi2+0O6S71kOZYyr3cxaIQ==",
			"license": "MIT",
			"engines": {
				"node": ">=v14.0.0",
				"npm": ">=7.0.0"
			}
		},
		"node_modules/@swc/core": {
			"version": "1.7.35",
			"resolved": "https://registry.npmjs.org/@swc/core/-/core-1.7.35.tgz",
			"integrity": "sha512-3cUteCTbr2r5jqfgx0r091sfq5Mgh6F1SQh8XAOnSvtKzwv2bC31mvBHVAieD1uPa2kHJhLav20DQgXOhpEitw==",
			"devOptional": true,
			"hasInstallScript": true,
			"license": "Apache-2.0",
			"dependencies": {
				"@swc/counter": "^0.1.3",
				"@swc/types": "^0.1.13"
			},
			"engines": {
				"node": ">=10"
			},
			"funding": {
				"type": "opencollective",
				"url": "https://opencollective.com/swc"
			},
			"optionalDependencies": {
				"@swc/core-darwin-arm64": "1.7.35",
				"@swc/core-darwin-x64": "1.7.35",
				"@swc/core-linux-arm-gnueabihf": "1.7.35",
				"@swc/core-linux-arm64-gnu": "1.7.35",
				"@swc/core-linux-arm64-musl": "1.7.35",
				"@swc/core-linux-x64-gnu": "1.7.35",
				"@swc/core-linux-x64-musl": "1.7.35",
				"@swc/core-win32-arm64-msvc": "1.7.35",
				"@swc/core-win32-ia32-msvc": "1.7.35",
				"@swc/core-win32-x64-msvc": "1.7.35"
			},
			"peerDependencies": {
				"@swc/helpers": "*"
			},
			"peerDependenciesMeta": {
				"@swc/helpers": {
					"optional": true
				}
			}
		},
		"node_modules/@swc/core-darwin-arm64": {
			"version": "1.7.35",
			"resolved": "https://registry.npmjs.org/@swc/core-darwin-arm64/-/core-darwin-arm64-1.7.35.tgz",
			"integrity": "sha512-BQSSozVxjxS+SVQz6e3GC/+OBWGIK3jfe52pWdANmycdjF3ch7lrCKTHTU7eHwyoJ96mofszPf5AsiVJF34Fwg==",
			"cpu": [
				"arm64"
			],
			"dev": true,
			"license": "Apache-2.0 AND MIT",
			"optional": true,
			"os": [
				"darwin"
			],
			"engines": {
				"node": ">=10"
			}
		},
		"node_modules/@swc/core-darwin-x64": {
			"version": "1.7.35",
			"resolved": "https://registry.npmjs.org/@swc/core-darwin-x64/-/core-darwin-x64-1.7.35.tgz",
			"integrity": "sha512-44TYdKN/EWtkU88foXR7IGki9JzhEJzaFOoPevfi9Xe7hjAD/x2+AJOWWqQNzDPMz9+QewLdUVLyR6s5okRgtg==",
			"cpu": [
				"x64"
			],
			"dev": true,
			"license": "Apache-2.0 AND MIT",
			"optional": true,
			"os": [
				"darwin"
			],
			"engines": {
				"node": ">=10"
			}
		},
		"node_modules/@swc/core-linux-arm-gnueabihf": {
			"version": "1.7.35",
			"resolved": "https://registry.npmjs.org/@swc/core-linux-arm-gnueabihf/-/core-linux-arm-gnueabihf-1.7.35.tgz",
			"integrity": "sha512-ccfA5h3zxwioD+/z/AmYtkwtKz9m4rWTV7RoHq6Jfsb0cXHrd6tbcvgqRWXra1kASlE+cDWsMtEZygs9dJRtUQ==",
			"cpu": [
				"arm"
			],
			"dev": true,
			"license": "Apache-2.0",
			"optional": true,
			"os": [
				"linux"
			],
			"engines": {
				"node": ">=10"
			}
		},
		"node_modules/@swc/core-linux-arm64-gnu": {
			"version": "1.7.35",
			"resolved": "https://registry.npmjs.org/@swc/core-linux-arm64-gnu/-/core-linux-arm64-gnu-1.7.35.tgz",
			"integrity": "sha512-hx65Qz+G4iG/IVtxJKewC5SJdki8PAPFGl6gC/57Jb0+jA4BIoGLD/J3Q3rCPeoHfdqpkCYpahtyUq8CKx41Jg==",
			"cpu": [
				"arm64"
			],
			"dev": true,
			"license": "Apache-2.0 AND MIT",
			"optional": true,
			"os": [
				"linux"
			],
			"engines": {
				"node": ">=10"
			}
		},
		"node_modules/@swc/core-linux-arm64-musl": {
			"version": "1.7.35",
			"resolved": "https://registry.npmjs.org/@swc/core-linux-arm64-musl/-/core-linux-arm64-musl-1.7.35.tgz",
			"integrity": "sha512-kL6tQL9No7UEoEvDRuPxzPTpxrvbwYteNRbdChSSP74j13/55G2/2hLmult5yFFaWuyoyU/2lvzjRL/i8OLZxg==",
			"cpu": [
				"arm64"
			],
			"dev": true,
			"license": "Apache-2.0 AND MIT",
			"optional": true,
			"os": [
				"linux"
			],
			"engines": {
				"node": ">=10"
			}
		},
		"node_modules/@swc/core-linux-x64-gnu": {
			"version": "1.7.35",
			"resolved": "https://registry.npmjs.org/@swc/core-linux-x64-gnu/-/core-linux-x64-gnu-1.7.35.tgz",
			"integrity": "sha512-Ke4rcLQSwCQ2LHdJX1FtnqmYNQ3IX6BddKlUtS7mcK13IHkQzZWp0Dcu6MgNA3twzb/dBpKX5GLy07XdGgfmyw==",
			"cpu": [
				"x64"
			],
			"dev": true,
			"license": "Apache-2.0 AND MIT",
			"optional": true,
			"os": [
				"linux"
			],
			"engines": {
				"node": ">=10"
			}
		},
		"node_modules/@swc/core-linux-x64-musl": {
			"version": "1.7.35",
			"resolved": "https://registry.npmjs.org/@swc/core-linux-x64-musl/-/core-linux-x64-musl-1.7.35.tgz",
			"integrity": "sha512-T30tlLnz0kYyDFyO5RQF5EQ4ENjW9+b56hEGgFUYmfhFhGA4E4V67iEx7KIG4u0whdPG7oy3qjyyIeTb7nElEw==",
			"cpu": [
				"x64"
			],
			"dev": true,
			"license": "Apache-2.0 AND MIT",
			"optional": true,
			"os": [
				"linux"
			],
			"engines": {
				"node": ">=10"
			}
		},
		"node_modules/@swc/core-win32-arm64-msvc": {
			"version": "1.7.35",
			"resolved": "https://registry.npmjs.org/@swc/core-win32-arm64-msvc/-/core-win32-arm64-msvc-1.7.35.tgz",
			"integrity": "sha512-CfM/k8mvtuMyX+okRhemfLt784PLS0KF7Q9djA8/Dtavk0L5Ghnq+XsGltO3d8B8+XZ7YOITsB14CrjehzeHsg==",
			"cpu": [
				"arm64"
			],
			"dev": true,
			"license": "Apache-2.0 AND MIT",
			"optional": true,
			"os": [
				"win32"
			],
			"engines": {
				"node": ">=10"
			}
		},
		"node_modules/@swc/core-win32-ia32-msvc": {
			"version": "1.7.35",
			"resolved": "https://registry.npmjs.org/@swc/core-win32-ia32-msvc/-/core-win32-ia32-msvc-1.7.35.tgz",
			"integrity": "sha512-ATB3uuH8j/RmS64EXQZJSbo2WXfRNpTnQszHME/sGaexsuxeijrp3DTYSFAA3R2Bu6HbIIX6jempe1Au8I3j+A==",
			"cpu": [
				"ia32"
			],
			"dev": true,
			"license": "Apache-2.0 AND MIT",
			"optional": true,
			"os": [
				"win32"
			],
			"engines": {
				"node": ">=10"
			}
		},
		"node_modules/@swc/core-win32-x64-msvc": {
			"version": "1.7.35",
			"resolved": "https://registry.npmjs.org/@swc/core-win32-x64-msvc/-/core-win32-x64-msvc-1.7.35.tgz",
			"integrity": "sha512-iDGfQO1571NqWUXtLYDhwIELA/wadH42ioGn+J9R336nWx40YICzy9UQyslWRhqzhQ5kT+QXAW/MoCWc058N6Q==",
			"cpu": [
				"x64"
			],
			"dev": true,
			"license": "Apache-2.0 AND MIT",
			"optional": true,
			"os": [
				"win32"
			],
			"engines": {
				"node": ">=10"
			}
		},
		"node_modules/@swc/counter": {
			"version": "0.1.3",
			"resolved": "https://registry.npmjs.org/@swc/counter/-/counter-0.1.3.tgz",
			"integrity": "sha512-e2BR4lsJkkRlKZ/qCHPw9ZaSxc0MVUd7gtbtaB7aMvHeJVYe8sOB8DBZkP2DtISHGSku9sCK6T6cnY0CtXrOCQ==",
			"devOptional": true,
			"license": "Apache-2.0"
		},
		"node_modules/@swc/types": {
			"version": "0.1.13",
			"resolved": "https://registry.npmjs.org/@swc/types/-/types-0.1.13.tgz",
			"integrity": "sha512-JL7eeCk6zWCbiYQg2xQSdLXQJl8Qoc9rXmG2cEKvHe3CKwMHwHGpfOb8frzNLmbycOo6I51qxnLnn9ESf4I20Q==",
			"devOptional": true,
			"license": "Apache-2.0",
			"dependencies": {
				"@swc/counter": "^0.1.3"
			}
		},
		"node_modules/@types/node": {
			"version": "22.7.5",
			"resolved": "https://registry.npmjs.org/@types/node/-/node-22.7.5.tgz",
			"integrity": "sha512-jML7s2NAzMWc//QSJ1a3prpk78cOPchGvXJsC3C6R6PSMoooztvRVQEz89gmBTBY1SPMaqo5teB4uNHPdetShQ==",
			"license": "MIT",
			"dependencies": {
				"undici-types": "~6.19.2"
			}
		},
		"node_modules/@types/prop-types": {
			"version": "15.7.13",
			"resolved": "https://registry.npmjs.org/@types/prop-types/-/prop-types-15.7.13.tgz",
			"integrity": "sha512-hCZTSvwbzWGvhqxp/RqVqwU999pBf2vp7hzIjiYOsl8wqOmUxkQ6ddw1cV3l8811+kdUFus/q4d1Y3E3SyEifA==",
			"dev": true,
			"license": "MIT"
		},
		"node_modules/@types/react": {
			"version": "18.3.11",
			"resolved": "https://registry.npmjs.org/@types/react/-/react-18.3.11.tgz",
			"integrity": "sha512-r6QZ069rFTjrEYgFdOck1gK7FLVsgJE7tTz0pQBczlBNUhBNk0MQH4UbnFSwjpQLMkLzgqvBBa+qGpLje16eTQ==",
			"dev": true,
			"license": "MIT",
			"dependencies": {
				"@types/prop-types": "*",
				"csstype": "^3.0.2"
			}
		},
		"node_modules/@types/ws": {
			"version": "8.5.12",
			"resolved": "https://registry.npmjs.org/@types/ws/-/ws-8.5.12.tgz",
			"integrity": "sha512-3tPRkv1EtkDpzlgyKyI8pGsGZAGPEaXeu0DOj5DI25Ja91bdAYddYHbADRYVrZMRbfW+1l5YwXVDKohDJNQxkQ==",
			"license": "MIT",
			"dependencies": {
				"@types/node": "*"
			}
		},
		"node_modules/@vladfrangu/async_event_emitter": {
			"version": "2.4.6",
			"resolved": "https://registry.npmjs.org/@vladfrangu/async_event_emitter/-/async_event_emitter-2.4.6.tgz",
			"integrity": "sha512-RaI5qZo6D2CVS6sTHFKg1v5Ohq/+Bo2LZ5gzUEwZ/WkHhwtGTCB/sVLw8ijOkAUxasZ+WshN/Rzj4ywsABJ5ZA==",
			"license": "MIT",
			"engines": {
				"node": ">=v14.0.0",
				"npm": ">=7.0.0"
			}
		},
		"node_modules/csstype": {
			"version": "3.1.3",
			"resolved": "https://registry.npmjs.org/csstype/-/csstype-3.1.3.tgz",
			"integrity": "sha512-M1uQkMl8rQK/szD0LNhtqxIPLpimGm8sOBwU7lLnCpSbTyY3yeU1Vc7l4KT5zT4s/yOxHH5O7tIuuLOCnLADRw==",
			"dev": true,
			"license": "MIT"
		},
		"node_modules/discord-api-types": {
			"version": "0.37.100",
			"resolved": "https://registry.npmjs.org/discord-api-types/-/discord-api-types-0.37.100.tgz",
			"integrity": "sha512-a8zvUI0GYYwDtScfRd/TtaNBDTXwP5DiDVX7K5OmE+DRT57gBqKnwtOC5Ol8z0mRW8KQfETIgiB8U0YZ9NXiCA==",
			"license": "MIT"
		},
		"node_modules/discord.js": {
			"version": "14.16.3",
			"resolved": "https://registry.npmjs.org/discord.js/-/discord.js-14.16.3.tgz",
			"integrity": "sha512-EPCWE9OkA9DnFFNrO7Kl1WHHDYFXu3CNVFJg63bfU7hVtjZGyhShwZtSBImINQRWxWP2tgo2XI+QhdXx28r0aA==",
			"license": "Apache-2.0",
			"dependencies": {
				"@discordjs/builders": "^1.9.0",
				"@discordjs/collection": "1.5.3",
				"@discordjs/formatters": "^0.5.0",
				"@discordjs/rest": "^2.4.0",
				"@discordjs/util": "^1.1.1",
				"@discordjs/ws": "1.1.1",
				"@sapphire/snowflake": "3.5.3",
				"discord-api-types": "0.37.100",
				"fast-deep-equal": "3.1.3",
				"lodash.snakecase": "4.1.1",
				"tslib": "^2.6.3",
				"undici": "6.19.8"
			},
			"engines": {
				"node": ">=18"
			},
			"funding": {
				"url": "https://github.com/discordjs/discord.js?sponsor"
			}
		},
		"node_modules/fast-deep-equal": {
			"version": "3.1.3",
			"resolved": "https://registry.npmjs.org/fast-deep-equal/-/fast-deep-equal-3.1.3.tgz",
			"integrity": "sha512-f3qQ9oQy9j2AhBe/H9VC91wLmKBCCU/gDOnKNAYG5hswO7BLKj09Hc5HYNz9cGI++xlpDCIgDaitVs03ATR84Q==",
			"license": "MIT"
		},
		"node_modules/lodash": {
			"version": "4.17.21",
			"resolved": "https://registry.npmjs.org/lodash/-/lodash-4.17.21.tgz",
			"integrity": "sha512-v2kDEe57lecTulaDIuNTPy3Ry4gLGJ6Z1O3vE1krgXZNrsQ+LFTGHVxVjcXPs17LhbZVGedAJv8XZ1tvj5FvSg==",
			"license": "MIT"
		},
		"node_modules/lodash.snakecase": {
			"version": "4.1.1",
			"resolved": "https://registry.npmjs.org/lodash.snakecase/-/lodash.snakecase-4.1.1.tgz",
			"integrity": "sha512-QZ1d4xoBHYUeuouhEq3lk3Uq7ldgyFXGBhg04+oRLnIz8o9T65Eh+8YdroUwn846zchkA9yDsDl5CVVaV2nqYw==",
			"license": "MIT"
		},
		"node_modules/magic-bytes.js": {
			"version": "1.10.0",
			"resolved": "https://registry.npmjs.org/magic-bytes.js/-/magic-bytes.js-1.10.0.tgz",
			"integrity": "sha512-/k20Lg2q8LE5xiaaSkMXk4sfvI+9EGEykFS4b0CHHGWqDYU0bGUFSwchNOMA56D7TCs9GwVTkqe9als1/ns8UQ==",
			"license": "MIT"
		},
		"node_modules/nanoid": {
			"version": "5.0.7",
			"resolved": "https://registry.npmjs.org/nanoid/-/nanoid-5.0.7.tgz",
			"integrity": "sha512-oLxFY2gd2IqnjcYyOXD8XGCftpGtZP2AbHbOkthDkvRywH5ayNtPVy9YlOPcHckXzbLTCHpkb7FB+yuxKV13pQ==",
			"funding": [
				{
					"type": "github",
					"url": "https://github.com/sponsors/ai"
				}
			],
			"license": "MIT",
			"bin": {
				"nanoid": "bin/nanoid.js"
			},
			"engines": {
				"node": "^18 || >=20"
			}
		},
		"node_modules/prettier": {
			"version": "3.3.3",
			"resolved": "https://registry.npmjs.org/prettier/-/prettier-3.3.3.tgz",
			"integrity": "sha512-i2tDNA0O5IrMO757lfrdQZCc2jPNDVntV0m/+4whiDfWaTKfMNgR7Qz0NAeGz/nRqF4m5/6CLzbP4/liHt12Ew==",
			"dev": true,
			"license": "MIT",
			"bin": {
				"prettier": "bin/prettier.cjs"
			},
			"engines": {
				"node": ">=14"
			},
			"funding": {
				"url": "https://github.com/prettier/prettier?sponsor=1"
			}
		},
		"node_modules/robo.js": {
			"version": "0.10.21",
			"resolved": "https://registry.npmjs.org/robo.js/-/robo.js-0.10.21.tgz",
			"integrity": "sha512-h3/qrMIZC4/+riGSWX5LGsNy8DX09wlQz7NsmZVilw/MmF7B4R1K+YjcqTWvBQVBKIs1S31qePDoCvA0RAt06Q==",
			"license": "MIT",
			"peer": true,
			"bin": {
				"robo": "dist/cli/index.js",
				"robox": "dist/cli/robox.js",
				"sage": "dist/cli/sage.js"
			},
			"engines": {
				"node": ">=18.0.0"
			},
			"peerDependencies": {
				"@swc/core": "^1.3.41",
				"discord.js": "^14.0.0",
				"keyv": "^4.5.2",
				"typescript": "^5.0.0",
				"vite": "^5.0.0"
			},
			"peerDependenciesMeta": {
				"@swc/core": {
					"optional": true
				},
				"discord.js": {
					"optional": false
				},
				"keyv": {
					"optional": true
				},
				"typescript": {
					"optional": true
				},
				"vite": {
					"optional": true
				}
			}
		},
		"node_modules/ts-mixer": {
			"version": "6.0.4",
			"resolved": "https://registry.npmjs.org/ts-mixer/-/ts-mixer-6.0.4.tgz",
			"integrity": "sha512-ufKpbmrugz5Aou4wcr5Wc1UUFWOLhq+Fm6qa6P0w0K5Qw2yhaUoiWszhCVuNQyNwrlGiscHOmqYoAox1PtvgjA==",
			"license": "MIT"
		},
		"node_modules/tslib": {
			"version": "2.7.0",
			"resolved": "https://registry.npmjs.org/tslib/-/tslib-2.7.0.tgz",
			"integrity": "sha512-gLXCKdN1/j47AiHiOkJN69hJmcbGTHI0ImLmbYLHykhgeN0jVGola9yVjFgzCUklsZQMW55o+dW7IXv3RCXDzA==",
			"license": "0BSD"
		},
		"node_modules/typescript": {
			"version": "5.6.3",
			"resolved": "https://registry.npmjs.org/typescript/-/typescript-5.6.3.tgz",
			"integrity": "sha512-hjcS1mhfuyi4WW8IWtjP7brDrG2cuDZukyrYrSauoXGNgx0S7zceP07adYkJycEr56BOUTNPzbInooiN3fn1qw==",
			"devOptional": true,
			"license": "Apache-2.0",
			"bin": {
				"tsc": "bin/tsc",
				"tsserver": "bin/tsserver"
			},
			"engines": {
				"node": ">=14.17"
			}
		},
		"node_modules/undici": {
			"version": "6.19.8",
			"resolved": "https://registry.npmjs.org/undici/-/undici-6.19.8.tgz",
			"integrity": "sha512-U8uCCl2x9TK3WANvmBavymRzxbfFYG+tAu+fgx3zxQy3qdagQqBLwJVrdyO1TBfUXvfKveMKJZhpvUYoOjM+4g==",
			"license": "MIT",
			"engines": {
				"node": ">=18.17"
			}
		},
		"node_modules/undici-types": {
			"version": "6.19.8",
			"resolved": "https://registry.npmjs.org/undici-types/-/undici-types-6.19.8.tgz",
			"integrity": "sha512-ve2KP6f/JnbPBFyobGHuerC9g1FYGn/F8n1LWTwNxCEzd6IfqTwUQcNXgEtmmQ6DlRrC1hrSrBnCZPokRrDHjw==",
			"license": "MIT"
		},
		"node_modules/ws": {
			"version": "8.18.0",
			"resolved": "https://registry.npmjs.org/ws/-/ws-8.18.0.tgz",
			"integrity": "sha512-8VbfWfHLbbwu3+N6OKsOMpBdT4kXPDDB9cJk2bJ6mh9ucxdlnNvH1e+roYkKmN9Nxw2yjz7VzeO9oOz2zJ04Pw==",
			"license": "MIT",
			"engines": {
				"node": ">=10.0.0"
			},
			"peerDependencies": {
				"bufferutil": "^4.0.1",
				"utf-8-validate": ">=5.0.2"
			},
			"peerDependenciesMeta": {
				"bufferutil": {
					"optional": true
				},
				"utf-8-validate": {
					"optional": true
				}
			}
		}
	}
}
